
Microsoft Visual Studio Solution File, Format Version 12.00
# Visual Studio 2012
Project("{FAE04EC0-301F-11D3-BF4B-00C04F79EFBC}") = "TestApp", "TestApp.csproj", "{CF0174F0-7739-4264-B7DD-049FC93127CB}"
EndProject
Project("{2150E333-8FDC-42A3-9474-1A3956D46DE8}") = "Dependencies", "Dependencies", "{E76A79F1-C267-4865-B0D0-3FCBF0D18F5E}"
EndProject
Project("{FAE04EC0-301F-11D3-BF4B-00C04F79EFBC}") = "DotNetCqs", "..\..\src\DotNetCqs\DotNetCqs.csproj", "{17D91889-302A-4DDF-9BD8-C1DF04B549B8}"
EndProject
Project("{FAE04EC0-301F-11D3-BF4B-00C04F79EFBC}") = "DotNetCqs.Autofac", "..\..\src\DotNetCqs.Autofac\DotNetCqs.Autofac.csproj", "{473B10ED-6B00-49BA-B21C-028205932DF9}"
EndProject
Global
	GlobalSection(SolutionConfigurationPlatforms) = preSolution
		Debug|Any CPU = Debug|Any CPU
		Release|Any CPU = Release|Any CPU
	EndGlobalSection
	GlobalSection(ProjectConfigurationPlatforms) = postSolution
		{CF0174F0-7739-4264-B7DD-049FC93127CB}.Debug|Any CPU.ActiveCfg = Debug|Any CPU
		{CF0174F0-7739-4264-B7DD-049FC93127CB}.Debug|Any CPU.Build.0 = Debug|Any CPU
		{CF0174F0-7739-4264-B7DD-049FC93127CB}.Release|Any CPU.ActiveCfg = Release|Any CPU
		{CF0174F0-7739-4264-B7DD-049FC93127CB}.Release|Any CPU.Build.0 = Release|Any CPU
		{17D91889-302A-4DDF-9BD8-C1DF04B549B8}.Debug|Any CPU.ActiveCfg = Debug|Any CPU
		{17D91889-302A-4DDF-9BD8-C1DF04B549B8}.Debug|Any CPU.Build.0 = Debug|Any CPU
		{17D91889-302A-4DDF-9BD8-C1DF04B549B8}.Release|Any CPU.ActiveCfg = Release|Any CPU
		{17D91889-302A-4DDF-9BD8-C1DF04B549B8}.Release|Any CPU.Build.0 = Release|Any CPU
		{473B10ED-6B00-49BA-B21C-028205932DF9}.Debug|Any CPU.ActiveCfg = Debug|Any CPU
		{473B10ED-6B00-49BA-B21C-028205932DF9}.Debug|Any CPU.Build.0 = Debug|Any CPU
		{473B10ED-6B00-49BA-B21C-028205932DF9}.Release|Any CPU.ActiveCfg = Release|Any CPU
		{473B10ED-6B00-49BA-B21C-028205932DF9}.Release|Any CPU.Build.0 = Release|Any CPU
	EndGlobalSection
	GlobalSection(SolutionProperties) = preSolution
		HideSolutionNode = FALSE
	EndGlobalSection
	GlobalSection(NestedProjects) = preSolution
		{17D91889-302A-4DDF-9BD8-C1DF04B549B8} = {E76A79F1-C267-4865-B0D0-3FCBF0D18F5E}
		{473B10ED-6B00-49BA-B21C-028205932DF9} = {E76A79F1-C267-4865-B0D0-3FCBF0D18F5E}
	EndGlobalSection
EndGlobal
